
Microsoft Visual Studio Solution File, Format Version 12.00
# Visual Studio Version 17
VisualStudioVersion = 17.7.34031.279
MinimumVisualStudioVersion = 10.0.40219.1
Project("{FAE04EC0-301F-11D3-BF4B-00C04F79EFBC}") = "CAStreamDecorator", "CAStreamDecorator\CAStreamDecorator.csproj", "{F9E840AA-6BED-4F8F-820C-CA278E3E27F4}"
EndProject
Project("{FAE04EC0-301F-11D3-BF4B-00C04F79EFBC}") = "CAIDisposapleDesignPattern", "CAIDisposapleDesignPattern\CAIDisposapleDesignPattern.csproj", "{03BE3394-D897-4721-9889-86062AC82D04}"
EndProject
Project("{FAE04EC0-301F-11D3-BF4B-00C04F79EFBC}") = "CAFileStream", "CAFileStream\CAFileStream.csproj", "{F722F525-E67C-43AB-9C26-70E6455A1272}"
EndProject
Global
	GlobalSection(SolutionConfigurationPlatforms) = preSolution
		Debug|Any CPU = Debug|Any CPU
		Release|Any CPU = Release|Any CPU
	EndGlobalSection
	GlobalSection(ProjectConfigurationPlatforms) = postSolution
		{F9E840AA-6BED-4F8F-820C-CA278E3E27F4}.Debug|Any CPU.ActiveCfg = Debug|Any CPU
		{F9E840AA-6BED-4F8F-820C-CA278E3E27F4}.Debug|Any CPU.Build.0 = Debug|Any CPU
		{F9E840AA-6BED-4F8F-820C-CA278E3E27F4}.Release|Any CPU.ActiveCfg = Release|Any CPU
		{F9E840AA-6BED-4F8F-820C-CA278E3E27F4}.Release|Any CPU.Build.0 = Release|Any CPU
		{03BE3394-D897-4721-9889-86062AC82D04}.Debug|Any CPU.ActiveCfg = Debug|Any CPU
		{03BE3394-D897-4721-9889-86062AC82D04}.Debug|Any CPU.Build.0 = Debug|Any CPU
		{03BE3394-D897-4721-9889-86062AC82D04}.Release|Any CPU.ActiveCfg = Release|Any CPU
		{03BE3394-D897-4721-9889-86062AC82D04}.Release|Any CPU.Build.0 = Release|Any CPU
		{F722F525-E67C-43AB-9C26-70E6455A1272}.Debug|Any CPU.ActiveCfg = Debug|Any CPU
		{F722F525-E67C-43AB-9C26-70E6455A1272}.Debug|Any CPU.Build.0 = Debug|Any CPU
		{F722F525-E67C-43AB-9C26-70E6455A1272}.Release|Any CPU.ActiveCfg = Release|Any CPU
		{F722F525-E67C-43AB-9C26-70E6455A1272}.Release|Any CPU.Build.0 = Release|Any CPU
	EndGlobalSection
	GlobalSection(SolutionProperties) = preSolution
		HideSolutionNode = FALSE
	EndGlobalSection
	GlobalSection(ExtensibilityGlobals) = postSolution
		SolutionGuid = {6CFB71A4-FEEB-4D5A-A642-51FFFC6D07CF}
	EndGlobalSection
EndGlobal
